
Microsoft Visual Studio Solution File, Format Version 12.00
# Visual Studio Version 17
VisualStudioVersion = 17.10.35004.147
MinimumVisualStudioVersion = 10.0.40219.1
Project("{9A19103F-16F7-4668-BE54-9A1E7A4F7556}") = "NovaVerse", "NovaVerse\NovaVerse.csproj", "{80034C3B-FDFA-47BE-9CB8-BA83A7F2369F}"
EndProject
Global
	GlobalSection(SolutionConfigurationPlatforms) = preSolution
		Debug|Any CPU = Debug|Any CPU
		Release|Any CPU = Release|Any CPU
	EndGlobalSection
	GlobalSection(ProjectConfigurationPlatforms) = postSolution
		{80034C3B-FDFA-47BE-9CB8-BA83A7F2369F}.Debug|Any CPU.ActiveCfg = Debug|Any CPU
		{80034C3B-FDFA-47BE-9CB8-BA83A7F2369F}.Debug|Any CPU.Build.0 = Debug|Any CPU
		{80034C3B-FDFA-47BE-9CB8-BA83A7F2369F}.Release|Any CPU.ActiveCfg = Release|Any CPU
		{80034C3B-FDFA-47BE-9CB8-BA83A7F2369F}.Release|Any CPU.Build.0 = Release|Any CPU
	EndGlobalSection
	GlobalSection(SolutionProperties) = preSolution
		HideSolutionNode = FALSE
	EndGlobalSection
	GlobalSection(ExtensibilityGlobals) = postSolution
		SolutionGuid = {04E2C62D-67EF-48BB-8F8C-D61242A7C9CC}
	EndGlobalSection
EndGlobal
